{
  "lockfileVersion": 1,
  "configVersion": 0,
  "workspaces": {
    "": {
      "dependencies": {
        "@tauri-apps/api": "^2.9.0",
      },
      "devDependencies": {
        "@tauri-apps/cli": "^2.9.3",
      },
    },
  },
  "packages": {
    "@tauri-apps/api": ["@tauri-apps/api@2.9.0", "", {}, "sha512-qD5tMjh7utwBk9/5PrTA/aGr3i5QaJ/Mlt7p8NilQ45WgbifUNPyKWsA63iQ8YfQq6R8ajMapU+/Q8nMcPRLNw=="],

    "@tauri-apps/cli": ["@tauri-apps/cli@2.9.3", "", { "optionalDependencies": { "@tauri-apps/cli-darwin-arm64": "2.9.3", "@tauri-apps/cli-darwin-x64": "2.9.3", "@tauri-apps/cli-linux-arm-gnueabihf": "2.9.3", "@tauri-apps/cli-linux-arm64-gnu": "2.9.3", "@tauri-apps/cli-linux-arm64-musl": "2.9.3", "@tauri-apps/cli-linux-riscv64-gnu": "2.9.3", "@tauri-apps/cli-linux-x64-gnu": "2.9.3", "@tauri-apps/cli-linux-x64-musl": "2.9.3", "@tauri-apps/cli-win32-arm64-msvc": "2.9.3", "@tauri-apps/cli-win32-ia32-msvc": "2.9.3", "@tauri-apps/cli-win32-x64-msvc": "2.9.3" }, "bin": { "tauri": "tauri.js" } }, "sha512-BQ7iLUXTQcyG1PpzLWeVSmBCedYDpnA/6Cm/kRFGtqjTf/eVUlyYO5S2ee07tLum3nWwDBWTGFZeruO8yEukfA=="],

    "@tauri-apps/cli-darwin-arm64": ["@tauri-apps/cli-darwin-arm64@2.9.3", "", { "os": "darwin", "cpu": "arm64" }, "sha512-W8FQXZXQmQ0Fmj9UJXNrm2mLdIaLLriKVY7o/FzmizyIKTPIvHjfZALTNybbpTQRbJvKoGHLrW1DNzAWVDWJYg=="],

    "@tauri-apps/cli-darwin-x64": ["@tauri-apps/cli-darwin-x64@2.9.3", "", { "os": "darwin", "cpu": "x64" }, "sha512-zDwu40rlshijt3TU6aRvzPUyVpapsx1sNfOlreDMTaMelQLHl6YoQzSRpLHYwrHrhimxyX2uDqnKIiuGel0Lhg=="],

    "@tauri-apps/cli-linux-arm-gnueabihf": ["@tauri-apps/cli-linux-arm-gnueabihf@2.9.3", "", { "os": "linux", "cpu": "arm" }, "sha512-+Oc2OfcTRwYtW93VJqd/HOk77buORwC9IToj/qsEvM7bTMq6Kda4alpZprzwrCHYANSw+zD8PgjJdljTpe4p+g=="],

    "@tauri-apps/cli-linux-arm64-gnu": ["@tauri-apps/cli-linux-arm64-gnu@2.9.3", "", { "os": "linux", "cpu": "arm64" }, "sha512-59GqU/J1n9wFyAtleoQOaU0oVIo+kwQynEw4meFDoKRXszKGor6lTsbsS3r0QKLSPbc0o/yYGJhqqCtkYjb/eg=="],

    "@tauri-apps/cli-linux-arm64-musl": ["@tauri-apps/cli-linux-arm64-musl@2.9.3", "", { "os": "linux", "cpu": "arm64" }, "sha512-fzvG+jEn5/iYGNH6Z2IRMheYFC4pJdXa19BR9fFm6Bdn2cuajRLDKdUcEME/DCtwqclphXtFZTrT4oezY5vI/A=="],

    "@tauri-apps/cli-linux-riscv64-gnu": ["@tauri-apps/cli-linux-riscv64-gnu@2.9.3", "", { "os": "linux", "cpu": "none" }, "sha512-qV8DZXI/fZwawk6T3Th1g6smiNC2KeQTk7XFgKvqZ6btC01z3UTsQmNGvI602zwm3Ld1TBZb4+rEWu2QmQimmw=="],

    "@tauri-apps/cli-linux-x64-gnu": ["@tauri-apps/cli-linux-x64-gnu@2.9.3", "", { "os": "linux", "cpu": "x64" }, "sha512-tquyEONCNRfqEBWEe4eAHnxFN5yY5lFkCuD4w79XLIovUxVftQ684+xLp7zkhntkt4y20SMj2AgJa/+MOlx4Kg=="],

    "@tauri-apps/cli-linux-x64-musl": ["@tauri-apps/cli-linux-x64-musl@2.9.3", "", { "os": "linux", "cpu": "x64" }, "sha512-v2cBIB/6ji8DL+aiL5QUykU3ZO8OoJGyx50/qv2HQVzkf85KdaYSis3D/oVRemN/pcDz+vyCnnL3XnzFnDl4JQ=="],

    "@tauri-apps/cli-win32-arm64-msvc": ["@tauri-apps/cli-win32-arm64-msvc@2.9.3", "", { "os": "win32", "cpu": "arm64" }, "sha512-ZGvBy7nvrHPbE0HeKp/ioaiw8bNgAHxWnb7JRZ4/G0A+oFj0SeSFxl9k5uU6FKnM7bHM23Gd1oeaDex9g5Fceg=="],

    "@tauri-apps/cli-win32-ia32-msvc": ["@tauri-apps/cli-win32-ia32-msvc@2.9.3", "", { "os": "win32", "cpu": "ia32" }, "sha512-UsgIwOnpCoY9NK9/65QiwgmWVIE80LE7SwRYVblGtmlY9RYfsYvpbItwsovA/AcHMTiO+OCvS/q9yLeqS3m6Sg=="],

    "@tauri-apps/cli-win32-x64-msvc": ["@tauri-apps/cli-win32-x64-msvc@2.9.3", "", { "os": "win32", "cpu": "x64" }, "sha512-fmw7NrrHE5m49idCvJAx9T9bsupjdJ0a3p3DPCNCZRGANU6R1tA1L+KTlVuUtdAldX2NqU/9UPo2SCslYKgJHQ=="],
  }
}
